
Microsoft Visual Studio Solution File, Format Version 12.00
# Visual Studio Version 17
VisualStudioVersion = 17.0.31903.59
MinimumVisualStudioVersion = 10.0.40219.1
Project("{2150E333-8FDC-42A3-9474-1A3956D46DE8}") = "src", "src", "{827E0CD3-B72D-47B6-A68D-7590B98EB39B}"
EndProject
Project("{FAE04EC0-301F-11D3-BF4B-00C04F79EFBC}") = "Traffic.Contracts", "src\Traffic.Contracts\Traffic.Contracts.csproj", "{9516EE20-0C13-46D3-8E90-373AF3C01E57}"
EndProject
Project("{FAE04EC0-301F-11D3-BF4B-00C04F79EFBC}") = "Traffic.Domain", "src\Traffic.Domain\Traffic.Domain.csproj", "{9A3EFBCB-43FE-4048-BC30-B7CB6FB2E800}"
EndProject
Project("{FAE04EC0-301F-11D3-BF4B-00C04F79EFBC}") = "Traffic.Application", "src\Traffic.Application\Traffic.Application.csproj", "{82CDCAA0-8AE4-4537-807B-514A883C3EE0}"
EndProject
Project("{FAE04EC0-301F-11D3-BF4B-00C04F79EFBC}") = "Traffic.Infrastructure", "src\Traffic.Infrastructure\Traffic.Infrastructure.csproj", "{1955ECA1-A633-45FD-9039-1A3588D2125C}"
EndProject
Project("{FAE04EC0-301F-11D3-BF4B-00C04F79EFBC}") = "Traffic.Producer.Worker", "src\Traffic.Producer.Worker\Traffic.Producer.Worker.csproj", "{AEE714A9-A922-4E2D-9F83-130972DA2388}"
EndProject
Project("{FAE04EC0-301F-11D3-BF4B-00C04F79EFBC}") = "Traffic.DecisionEngine.Worker", "src\Traffic.DecisionEngine.Worker\Traffic.DecisionEngine.Worker.csproj", "{262B4E0F-B6DF-417D-8E13-BAEF0BED74F7}"
EndProject
Project("{FAE04EC0-301F-11D3-BF4B-00C04F79EFBC}") = "Traffic.Gateway.Api", "src\Traffic.Gateway.Api\Traffic.Gateway.Api.csproj", "{F9B57F3F-136B-4FED-98D0-0F41E994EA30}"
EndProject
Global
	GlobalSection(SolutionConfigurationPlatforms) = preSolution
		Debug|Any CPU = Debug|Any CPU
		Debug|x64 = Debug|x64
		Debug|x86 = Debug|x86
		Release|Any CPU = Release|Any CPU
		Release|x64 = Release|x64
		Release|x86 = Release|x86
	EndGlobalSection
	GlobalSection(ProjectConfigurationPlatforms) = postSolution
		{9516EE20-0C13-46D3-8E90-373AF3C01E57}.Debug|Any CPU.ActiveCfg = Debug|Any CPU
		{9516EE20-0C13-46D3-8E90-373AF3C01E57}.Debug|Any CPU.Build.0 = Debug|Any CPU
		{9516EE20-0C13-46D3-8E90-373AF3C01E57}.Debug|x64.ActiveCfg = Debug|Any CPU
		{9516EE20-0C13-46D3-8E90-373AF3C01E57}.Debug|x64.Build.0 = Debug|Any CPU
		{9516EE20-0C13-46D3-8E90-373AF3C01E57}.Debug|x86.ActiveCfg = Debug|Any CPU
		{9516EE20-0C13-46D3-8E90-373AF3C01E57}.Debug|x86.Build.0 = Debug|Any CPU
		{9516EE20-0C13-46D3-8E90-373AF3C01E57}.Release|Any CPU.ActiveCfg = Release|Any CPU
		{9516EE20-0C13-46D3-8E90-373AF3C01E57}.Release|Any CPU.Build.0 = Release|Any CPU
		{9516EE20-0C13-46D3-8E90-373AF3C01E57}.Release|x64.ActiveCfg = Release|Any CPU
		{9516EE20-0C13-46D3-8E90-373AF3C01E57}.Release|x64.Build.0 = Release|Any CPU
		{9516EE20-0C13-46D3-8E90-373AF3C01E57}.Release|x86.ActiveCfg = Release|Any CPU
		{9516EE20-0C13-46D3-8E90-373AF3C01E57}.Release|x86.Build.0 = Release|Any CPU
		{9A3EFBCB-43FE-4048-BC30-B7CB6FB2E800}.Debug|Any CPU.ActiveCfg = Debug|Any CPU
		{9A3EFBCB-43FE-4048-BC30-B7CB6FB2E800}.Debug|Any CPU.Build.0 = Debug|Any CPU
		{9A3EFBCB-43FE-4048-BC30-B7CB6FB2E800}.Debug|x64.ActiveCfg = Debug|Any CPU
		{9A3EFBCB-43FE-4048-BC30-B7CB6FB2E800}.Debug|x64.Build.0 = Debug|Any CPU
		{9A3EFBCB-43FE-4048-BC30-B7CB6FB2E800}.Debug|x86.ActiveCfg = Debug|Any CPU
		{9A3EFBCB-43FE-4048-BC30-B7CB6FB2E800}.Debug|x86.Build.0 = Debug|Any CPU
		{9A3EFBCB-43FE-4048-BC30-B7CB6FB2E800}.Release|Any CPU.ActiveCfg = Release|Any CPU
		{9A3EFBCB-43FE-4048-BC30-B7CB6FB2E800}.Release|Any CPU.Build.0 = Release|Any CPU
		{9A3EFBCB-43FE-4048-BC30-B7CB6FB2E800}.Release|x64.ActiveCfg = Release|Any CPU
		{9A3EFBCB-43FE-4048-BC30-B7CB6FB2E800}.Release|x64.Build.0 = Release|Any CPU
		{9A3EFBCB-43FE-4048-BC30-B7CB6FB2E800}.Release|x86.ActiveCfg = Release|Any CPU
		{9A3EFBCB-43FE-4048-BC30-B7CB6FB2E800}.Release|x86.Build.0 = Release|Any CPU
		{82CDCAA0-8AE4-4537-807B-514A883C3EE0}.Debug|Any CPU.ActiveCfg = Debug|Any CPU
		{82CDCAA0-8AE4-4537-807B-514A883C3EE0}.Debug|Any CPU.Build.0 = Debug|Any CPU
		{82CDCAA0-8AE4-4537-807B-514A883C3EE0}.Debug|x64.ActiveCfg = Debug|Any CPU
		{82CDCAA0-8AE4-4537-807B-514A883C3EE0}.Debug|x64.Build.0 = Debug|Any CPU
		{82CDCAA0-8AE4-4537-807B-514A883C3EE0}.Debug|x86.ActiveCfg = Debug|Any CPU
		{82CDCAA0-8AE4-4537-807B-514A883C3EE0}.Debug|x86.Build.0 = Debug|Any CPU
		{82CDCAA0-8AE4-4537-807B-514A883C3EE0}.Release|Any CPU.ActiveCfg = Release|Any CPU
		{82CDCAA0-8AE4-4537-807B-514A883C3EE0}.Release|Any CPU.Build.0 = Release|Any CPU
		{82CDCAA0-8AE4-4537-807B-514A883C3EE0}.Release|x64.ActiveCfg = Release|Any CPU
		{82CDCAA0-8AE4-4537-807B-514A883C3EE0}.Release|x64.Build.0 = Release|Any CPU
		{82CDCAA0-8AE4-4537-807B-514A883C3EE0}.Release|x86.ActiveCfg = Release|Any CPU
		{82CDCAA0-8AE4-4537-807B-514A883C3EE0}.Release|x86.Build.0 = Release|Any CPU
		{1955ECA1-A633-45FD-9039-1A3588D2125C}.Debug|Any CPU.ActiveCfg = Debug|Any CPU
		{1955ECA1-A633-45FD-9039-1A3588D2125C}.Debug|Any CPU.Build.0 = Debug|Any CPU
		{1955ECA1-A633-45FD-9039-1A3588D2125C}.Debug|x64.ActiveCfg = Debug|Any CPU
		{1955ECA1-A633-45FD-9039-1A3588D2125C}.Debug|x64.Build.0 = Debug|Any CPU
		{1955ECA1-A633-45FD-9039-1A3588D2125C}.Debug|x86.ActiveCfg = Debug|Any CPU
		{1955ECA1-A633-45FD-9039-1A3588D2125C}.Debug|x86.Build.0 = Debug|Any CPU
		{1955ECA1-A633-45FD-9039-1A3588D2125C}.Release|Any CPU.ActiveCfg = Release|Any CPU
		{1955ECA1-A633-45FD-9039-1A3588D2125C}.Release|Any CPU.Build.0 = Release|Any CPU
		{1955ECA1-A633-45FD-9039-1A3588D2125C}.Release|x64.ActiveCfg = Release|Any CPU
		{1955ECA1-A633-45FD-9039-1A3588D2125C}.Release|x64.Build.0 = Release|Any CPU
		{1955ECA1-A633-45FD-9039-1A3588D2125C}.Release|x86.ActiveCfg = Release|Any CPU
		{1955ECA1-A633-45FD-9039-1A3588D2125C}.Release|x86.Build.0 = Release|Any CPU
		{AEE714A9-A922-4E2D-9F83-130972DA2388}.Debug|Any CPU.ActiveCfg = Debug|Any CPU
		{AEE714A9-A922-4E2D-9F83-130972DA2388}.Debug|Any CPU.Build.0 = Debug|Any CPU
		{AEE714A9-A922-4E2D-9F83-130972DA2388}.Debug|x64.ActiveCfg = Debug|Any CPU
		{AEE714A9-A922-4E2D-9F83-130972DA2388}.Debug|x64.Build.0 = Debug|Any CPU
		{AEE714A9-A922-4E2D-9F83-130972DA2388}.Debug|x86.ActiveCfg = Debug|Any CPU
		{AEE714A9-A922-4E2D-9F83-130972DA2388}.Debug|x86.Build.0 = Debug|Any CPU
		{AEE714A9-A922-4E2D-9F83-130972DA2388}.Release|Any CPU.ActiveCfg = Release|Any CPU
		{AEE714A9-A922-4E2D-9F83-130972DA2388}.Release|Any CPU.Build.0 = Release|Any CPU
		{AEE714A9-A922-4E2D-9F83-130972DA2388}.Release|x64.ActiveCfg = Release|Any CPU
		{AEE714A9-A922-4E2D-9F83-130972DA2388}.Release|x64.Build.0 = Release|Any CPU
		{AEE714A9-A922-4E2D-9F83-130972DA2388}.Release|x86.ActiveCfg = Release|Any CPU
		{AEE714A9-A922-4E2D-9F83-130972DA2388}.Release|x86.Build.0 = Release|Any CPU
		{262B4E0F-B6DF-417D-8E13-BAEF0BED74F7}.Debug|Any CPU.ActiveCfg = Debug|Any CPU
		{262B4E0F-B6DF-417D-8E13-BAEF0BED74F7}.Debug|Any CPU.Build.0 = Debug|Any CPU
		{262B4E0F-B6DF-417D-8E13-BAEF0BED74F7}.Debug|x64.ActiveCfg = Debug|Any CPU
		{262B4E0F-B6DF-417D-8E13-BAEF0BED74F7}.Debug|x64.Build.0 = Debug|Any CPU
		{262B4E0F-B6DF-417D-8E13-BAEF0BED74F7}.Debug|x86.ActiveCfg = Debug|Any CPU
		{262B4E0F-B6DF-417D-8E13-BAEF0BED74F7}.Debug|x86.Build.0 = Debug|Any CPU
		{262B4E0F-B6DF-417D-8E13-BAEF0BED74F7}.Release|Any CPU.ActiveCfg = Release|Any CPU
		{262B4E0F-B6DF-417D-8E13-BAEF0BED74F7}.Release|Any CPU.Build.0 = Release|Any CPU
		{262B4E0F-B6DF-417D-8E13-BAEF0BED74F7}.Release|x64.ActiveCfg = Release|Any CPU
		{262B4E0F-B6DF-417D-8E13-BAEF0BED74F7}.Release|x64.Build.0 = Release|Any CPU
		{262B4E0F-B6DF-417D-8E13-BAEF0BED74F7}.Release|x86.ActiveCfg = Release|Any CPU
		{262B4E0F-B6DF-417D-8E13-BAEF0BED74F7}.Release|x86.Build.0 = Release|Any CPU
		{F9B57F3F-136B-4FED-98D0-0F41E994EA30}.Debug|Any CPU.ActiveCfg = Debug|Any CPU
		{F9B57F3F-136B-4FED-98D0-0F41E994EA30}.Debug|Any CPU.Build.0 = Debug|Any CPU
		{F9B57F3F-136B-4FED-98D0-0F41E994EA30}.Debug|x64.ActiveCfg = Debug|Any CPU
		{F9B57F3F-136B-4FED-98D0-0F41E994EA30}.Debug|x64.Build.0 = Debug|Any CPU
		{F9B57F3F-136B-4FED-98D0-0F41E994EA30}.Debug|x86.ActiveCfg = Debug|Any CPU
		{F9B57F3F-136B-4FED-98D0-0F41E994EA30}.Debug|x86.Build.0 = Debug|Any CPU
		{F9B57F3F-136B-4FED-98D0-0F41E994EA30}.Release|Any CPU.ActiveCfg = Release|Any CPU
		{F9B57F3F-136B-4FED-98D0-0F41E994EA30}.Release|Any CPU.Build.0 = Release|Any CPU
		{F9B57F3F-136B-4FED-98D0-0F41E994EA30}.Release|x64.ActiveCfg = Release|Any CPU
		{F9B57F3F-136B-4FED-98D0-0F41E994EA30}.Release|x64.Build.0 = Release|Any CPU
		{F9B57F3F-136B-4FED-98D0-0F41E994EA30}.Release|x86.ActiveCfg = Release|Any CPU
		{F9B57F3F-136B-4FED-98D0-0F41E994EA30}.Release|x86.Build.0 = Release|Any CPU
	EndGlobalSection
	GlobalSection(SolutionProperties) = preSolution
		HideSolutionNode = FALSE
	EndGlobalSection
	GlobalSection(NestedProjects) = preSolution
		{9516EE20-0C13-46D3-8E90-373AF3C01E57} = {827E0CD3-B72D-47B6-A68D-7590B98EB39B}
		{9A3EFBCB-43FE-4048-BC30-B7CB6FB2E800} = {827E0CD3-B72D-47B6-A68D-7590B98EB39B}
		{82CDCAA0-8AE4-4537-807B-514A883C3EE0} = {827E0CD3-B72D-47B6-A68D-7590B98EB39B}
		{1955ECA1-A633-45FD-9039-1A3588D2125C} = {827E0CD3-B72D-47B6-A68D-7590B98EB39B}
		{AEE714A9-A922-4E2D-9F83-130972DA2388} = {827E0CD3-B72D-47B6-A68D-7590B98EB39B}
		{262B4E0F-B6DF-417D-8E13-BAEF0BED74F7} = {827E0CD3-B72D-47B6-A68D-7590B98EB39B}
		{F9B57F3F-136B-4FED-98D0-0F41E994EA30} = {827E0CD3-B72D-47B6-A68D-7590B98EB39B}
	EndGlobalSection
EndGlobal
